
Microsoft Visual Studio Solution File, Format Version 12.00
# Visual Studio Version 17
VisualStudioVersion = 17.4.33403.182
MinimumVisualStudioVersion = 10.0.40219.1
Project("{9A19103F-16F7-4668-BE54-9A1E7A4F7556}") = "TradierClient2", "TradierClient2\TradierClient2.csproj", "{78D2C7DE-9E2B-422D-A595-65DBFEA9E0D0}"
EndProject
Project("{2150E333-8FDC-42A3-9474-1A3956D46DE8}") = "Solution Items", "Solution Items", "{E573D130-48CB-4B91-A435-F764152A547E}"
	ProjectSection(SolutionItems) = preProject
		.editorconfig = .editorconfig
	EndProjectSection
EndProject
Project("{9A19103F-16F7-4668-BE54-9A1E7A4F7556}") = "cli", "cli\cli.csproj", "{498307D9-D37F-4CD2-9944-AE8A2E5B9E2E}"
	ProjectSection(ProjectDependencies) = postProject
		{AC1EEAC5-D9BE-46EC-9418-D5972C2673D7} = {AC1EEAC5-D9BE-46EC-9418-D5972C2673D7}
	EndProjectSection
EndProject
Project("{9A19103F-16F7-4668-BE54-9A1E7A4F7556}") = "DataAccess", "DataAccess\DataAccess.csproj", "{AC1EEAC5-D9BE-46EC-9418-D5972C2673D7}"
EndProject
Project("{9092AA53-FB77-4645-B42D-1CCCA6BD08BD}") = "VueWeb", "VueWeb\VueWeb.njsproj", "{25DE75D4-0DF7-4718-81CC-50443251E023}"
EndProject
Project("{9A19103F-16F7-4668-BE54-9A1E7A4F7556}") = "parseOrders", "parseOrders\parseOrders.csproj", "{4CA52905-D57E-4883-BCDF-066F88668438}"
EndProject
Project("{FAE04EC0-301F-11D3-BF4B-00C04F79EFBC}") = "SharedHelpers2", "SharedHelpers2\SharedHelpers2.csproj", "{86A372C7-6F44-4922-92FC-A88DB1891D46}"
EndProject
Global
	GlobalSection(SolutionConfigurationPlatforms) = preSolution
		Debug|Any CPU = Debug|Any CPU
		Release|Any CPU = Release|Any CPU
	EndGlobalSection
	GlobalSection(ProjectConfigurationPlatforms) = postSolution
		{78D2C7DE-9E2B-422D-A595-65DBFEA9E0D0}.Debug|Any CPU.ActiveCfg = Debug|Any CPU
		{78D2C7DE-9E2B-422D-A595-65DBFEA9E0D0}.Debug|Any CPU.Build.0 = Debug|Any CPU
		{78D2C7DE-9E2B-422D-A595-65DBFEA9E0D0}.Release|Any CPU.ActiveCfg = Release|Any CPU
		{78D2C7DE-9E2B-422D-A595-65DBFEA9E0D0}.Release|Any CPU.Build.0 = Release|Any CPU
		{498307D9-D37F-4CD2-9944-AE8A2E5B9E2E}.Debug|Any CPU.ActiveCfg = Debug|Any CPU
		{498307D9-D37F-4CD2-9944-AE8A2E5B9E2E}.Debug|Any CPU.Build.0 = Debug|Any CPU
		{498307D9-D37F-4CD2-9944-AE8A2E5B9E2E}.Release|Any CPU.ActiveCfg = Release|Any CPU
		{498307D9-D37F-4CD2-9944-AE8A2E5B9E2E}.Release|Any CPU.Build.0 = Release|Any CPU
		{AC1EEAC5-D9BE-46EC-9418-D5972C2673D7}.Debug|Any CPU.ActiveCfg = Debug|Any CPU
		{AC1EEAC5-D9BE-46EC-9418-D5972C2673D7}.Debug|Any CPU.Build.0 = Debug|Any CPU
		{AC1EEAC5-D9BE-46EC-9418-D5972C2673D7}.Release|Any CPU.ActiveCfg = Release|Any CPU
		{AC1EEAC5-D9BE-46EC-9418-D5972C2673D7}.Release|Any CPU.Build.0 = Release|Any CPU
		{25DE75D4-0DF7-4718-81CC-50443251E023}.Debug|Any CPU.ActiveCfg = Debug|Any CPU
		{25DE75D4-0DF7-4718-81CC-50443251E023}.Debug|Any CPU.Build.0 = Debug|Any CPU
		{25DE75D4-0DF7-4718-81CC-50443251E023}.Release|Any CPU.ActiveCfg = Release|Any CPU
		{25DE75D4-0DF7-4718-81CC-50443251E023}.Release|Any CPU.Build.0 = Release|Any CPU
		{4CA52905-D57E-4883-BCDF-066F88668438}.Debug|Any CPU.ActiveCfg = Debug|Any CPU
		{4CA52905-D57E-4883-BCDF-066F88668438}.Debug|Any CPU.Build.0 = Debug|Any CPU
		{4CA52905-D57E-4883-BCDF-066F88668438}.Release|Any CPU.ActiveCfg = Release|Any CPU
		{4CA52905-D57E-4883-BCDF-066F88668438}.Release|Any CPU.Build.0 = Release|Any CPU
		{86A372C7-6F44-4922-92FC-A88DB1891D46}.Debug|Any CPU.ActiveCfg = Debug|Any CPU
		{86A372C7-6F44-4922-92FC-A88DB1891D46}.Debug|Any CPU.Build.0 = Debug|Any CPU
		{86A372C7-6F44-4922-92FC-A88DB1891D46}.Release|Any CPU.ActiveCfg = Release|Any CPU
		{86A372C7-6F44-4922-92FC-A88DB1891D46}.Release|Any CPU.Build.0 = Release|Any CPU
	EndGlobalSection
	GlobalSection(SolutionProperties) = preSolution
		HideSolutionNode = FALSE
	EndGlobalSection
	GlobalSection(ExtensibilityGlobals) = postSolution
		SolutionGuid = {A7B7E4A9-05A1-4E21-A1F9-20792D9D0BCA}
	EndGlobalSection
EndGlobal
